
Microsoft Visual Studio Solution File, Format Version 12.00
# Visual Studio Version 16
VisualStudioVersion = 16.0.32106.194
MinimumVisualStudioVersion = 10.0.40219.1
Project("{FAE04EC0-301F-11D3-BF4B-00C04F79EFBC}") = "ComGraph_Lab_4", "ComGraph_Lab_4.csproj", "{01F24316-CFB5-4CF7-966C-BEF43298902E}"
EndProject
Global
	GlobalSection(SolutionConfigurationPlatforms) = preSolution
		Debug|Any CPU = Debug|Any CPU
		Release|Any CPU = Release|Any CPU
	EndGlobalSection
	GlobalSection(ProjectConfigurationPlatforms) = postSolution
		{01F24316-CFB5-4CF7-966C-BEF43298902E}.Debug|Any CPU.ActiveCfg = Debug|Any CPU
		{01F24316-CFB5-4CF7-966C-BEF43298902E}.Debug|Any CPU.Build.0 = Debug|Any CPU
		{01F24316-CFB5-4CF7-966C-BEF43298902E}.Release|Any CPU.ActiveCfg = Release|Any CPU
		{01F24316-CFB5-4CF7-966C-BEF43298902E}.Release|Any CPU.Build.0 = Release|Any CPU
	EndGlobalSection
	GlobalSection(SolutionProperties) = preSolution
		HideSolutionNode = FALSE
	EndGlobalSection
	GlobalSection(ExtensibilityGlobals) = postSolution
		SolutionGuid = {B8C2844C-2806-4FD3-AC7A-33B5480E6971}
	EndGlobalSection
EndGlobal
